{
  "name": "leaflet",
  "version": "1.0.0",
  "lockfileVersion": 2,
  "requires": true,
  "packages": {
    "": {
      "name": "leaflet",
      "version": "1.0.0",
      "license": "ISC",
      "dependencies": {
        "bootstrap-icons": "^1.9.1",
        "geojson": "^0.5.0",
        "leaflet.awesome-markers": "^2.0.5"
      }
    },
    "node_modules/bootstrap-icons": {
      "version": "1.9.1",
      "resolved": "https://registry.npmjs.org/bootstrap-icons/-/bootstrap-icons-1.9.1.tgz",
      "integrity": "sha512-d4ZkO30MIkAhQ2nNRJqKXJVEQorALGbLWTuRxyCTJF96lRIV6imcgMehWGJUiJMJhglN0o2tqLIeDnMdiQEE9g=="
    },
    "node_modules/geojson": {
      "version": "0.5.0",
      "resolved": "https://registry.npmjs.org/geojson/-/geojson-0.5.0.tgz",
      "integrity": "sha512-/Bx5lEn+qRF4TfQ5aLu6NH+UKtvIv7Lhc487y/c8BdludrCTpiWf9wyI0RTyqg49MFefIAvFDuEi5Dfd/zgNxQ==",
      "engines": {
        "node": ">= 0.10"
      }
    },
    "node_modules/leaflet.awesome-markers": {
      "version": "2.0.5",
      "resolved": "https://registry.npmjs.org/leaflet.awesome-markers/-/leaflet.awesome-markers-2.0.5.tgz",
      "integrity": "sha512-Ne/xDjkGyaujwNVVkv2tyXQUV0ZW7gZ0Mo0FuQY4jp2qWrvXi0hwDBvmZyF/8YOvybyMabTMM/mFWCTd1jZIQA=="
    }
  },
  "dependencies": {
    "bootstrap-icons": {
      "version": "1.9.1",
      "resolved": "https://registry.npmjs.org/bootstrap-icons/-/bootstrap-icons-1.9.1.tgz",
      "integrity": "sha512-d4ZkO30MIkAhQ2nNRJqKXJVEQorALGbLWTuRxyCTJF96lRIV6imcgMehWGJUiJMJhglN0o2tqLIeDnMdiQEE9g=="
    },
    "geojson": {
      "version": "0.5.0",
      "resolved": "https://registry.npmjs.org/geojson/-/geojson-0.5.0.tgz",
      "integrity": "sha512-/Bx5lEn+qRF4TfQ5aLu6NH+UKtvIv7Lhc487y/c8BdludrCTpiWf9wyI0RTyqg49MFefIAvFDuEi5Dfd/zgNxQ=="
    },
    "leaflet.awesome-markers": {
      "version": "2.0.5",
      "resolved": "https://registry.npmjs.org/leaflet.awesome-markers/-/leaflet.awesome-markers-2.0.5.tgz",
      "integrity": "sha512-Ne/xDjkGyaujwNVVkv2tyXQUV0ZW7gZ0Mo0FuQY4jp2qWrvXi0hwDBvmZyF/8YOvybyMabTMM/mFWCTd1jZIQA=="
    }
  }
}
